// !$*UTF8*$!
{
	archiveVersion = 1;
	classes = {
	};
	objectVersion = 56;
	objects = {

/* Begin PBXBuildFile section */
		384C17D82B94AA3000E501BE /* AppDelegate.swift in Sources */ = {isa = PBXBuildFile; fileRef = 384C17D72B94AA3000E501BE /* AppDelegate.swift */; };
		384C17DA2B94AA3000E501BE /* SceneDelegate.swift in Sources */ = {isa = PBXBuildFile; fileRef = 384C17D92B94AA3000E501BE /* SceneDelegate.swift */; };
		384C17DC2B94AA3000E501BE /* ViewController.swift in Sources */ = {isa = PBXBuildFile; fileRef = 384C17DB2B94AA3000E501BE /* ViewController.swift */; };
		384C17DF2B94AA3000E501BE /* Main.storyboard in Resources */ = {isa = PBXBuildFile; fileRef = 384C17DD2B94AA3000E501BE /* Main.storyboard */; };
		384C17E12B94AA3200E501BE /* Assets.xcassets in Resources */ = {isa = PBXBuildFile; fileRef = 384C17E02B94AA3200E501BE /* Assets.xcassets */; };
		384C17E42B94AA3200E501BE /* LaunchScreen.storyboard in Resources */ = {isa = PBXBuildFile; fileRef = 384C17E22B94AA3200E501BE /* LaunchScreen.storyboard */; };
		384C17EF2B94AA3200E501BE /* BitTestTests.swift in Sources */ = {isa = PBXBuildFile; fileRef = 384C17EE2B94AA3200E501BE /* BitTestTests.swift */; };
		384C17F92B94AA3200E501BE /* BitTestUITests.swift in Sources */ = {isa = PBXBuildFile; fileRef = 384C17F82B94AA3200E501BE /* BitTestUITests.swift */; };
		384C17FB2B94AA3200E501BE /* BitTestUITestsLaunchTests.swift in Sources */ = {isa = PBXBuildFile; fileRef = 384C17FA2B94AA3200E501BE /* BitTestUITestsLaunchTests.swift */; };
		384C180A2B94AD0800E501BE /* Networking in Frameworks */ = {isa = PBXBuildFile; productRef = 384C18092B94AD0800E501BE /* Networking */; };
		384C180D2B95060800E501BE /* Domain in Frameworks */ = {isa = PBXBuildFile; productRef = 384C180C2B95060800E501BE /* Domain */; };
/* End PBXBuildFile section */

/* Begin PBXContainerItemProxy section */
		384C17EB2B94AA3200E501BE /* PBXContainerItemProxy */ = {
			isa = PBXContainerItemProxy;
			containerPortal = 384C17CC2B94AA3000E501BE /* Project object */;
			proxyType = 1;
			remoteGlobalIDString = 384C17D32B94AA3000E501BE;
			remoteInfo = BitTest;
		};
		384C17F52B94AA3200E501BE /* PBXContainerItemProxy */ = {
			isa = PBXContainerItemProxy;
			containerPortal = 384C17CC2B94AA3000E501BE /* Project object */;
			proxyType = 1;
			remoteGlobalIDString = 384C17D32B94AA3000E501BE;
			remoteInfo = BitTest;
		};
/* End PBXContainerItemProxy section */

/* Begin PBXFileReference section */
		384C17D42B94AA3000E501BE /* BitTest.app */ = {isa = PBXFileReference; explicitFileType = wrapper.application; includeInIndex = 0; path = BitTest.app; sourceTree = BUILT_PRODUCTS_DIR; };
		384C17D72B94AA3000E501BE /* AppDelegate.swift */ = {isa = PBXFileReference; lastKnownFileType = sourcecode.swift; path = AppDelegate.swift; sourceTree = "<group>"; };
		384C17D92B94AA3000E501BE /* SceneDelegate.swift */ = {isa = PBXFileReference; lastKnownFileType = sourcecode.swift; path = SceneDelegate.swift; sourceTree = "<group>"; };
		384C17DB2B94AA3000E501BE /* ViewController.swift */ = {isa = PBXFileReference; lastKnownFileType = sourcecode.swift; path = ViewController.swift; sourceTree = "<group>"; };
		384C17DE2B94AA3000E501BE /* Base */ = {isa = PBXFileReference; lastKnownFileType = file.storyboard; name = Base; path = Base.lproj/Main.storyboard; sourceTree = "<group>"; };
		384C17E02B94AA3200E501BE /* Assets.xcassets */ = {isa = PBXFileReference; lastKnownFileType = folder.assetcatalog; path = Assets.xcassets; sourceTree = "<group>"; };
		384C17E32B94AA3200E501BE /* Base */ = {isa = PBXFileReference; lastKnownFileType = file.storyboard; name = Base; path = Base.lproj/LaunchScreen.storyboard; sourceTree = "<group>"; };
		384C17E52B94AA3200E501BE /* Info.plist */ = {isa = PBXFileReference; lastKnownFileType = text.plist.xml; path = Info.plist; sourceTree = "<group>"; };
		384C17EA2B94AA3200E501BE /* BitTestTests.xctest */ = {isa = PBXFileReference; explicitFileType = wrapper.cfbundle; includeInIndex = 0; path = BitTestTests.xctest; sourceTree = BUILT_PRODUCTS_DIR; };
		384C17EE2B94AA3200E501BE /* BitTestTests.swift */ = {isa = PBXFileReference; lastKnownFileType = sourcecode.swift; path = BitTestTests.swift; sourceTree = "<group>"; };
		384C17F42B94AA3200E501BE /* BitTestUITests.xctest */ = {isa = PBXFileReference; explicitFileType = wrapper.cfbundle; includeInIndex = 0; path = BitTestUITests.xctest; sourceTree = BUILT_PRODUCTS_DIR; };
		384C17F82B94AA3200E501BE /* BitTestUITests.swift */ = {isa = PBXFileReference; lastKnownFileType = sourcecode.swift; path = BitTestUITests.swift; sourceTree = "<group>"; };
		384C17FA2B94AA3200E501BE /* BitTestUITestsLaunchTests.swift */ = {isa = PBXFileReference; lastKnownFileType = sourcecode.swift; path = BitTestUITestsLaunchTests.swift; sourceTree = "<group>"; };
		384C18072B94ACF200E501BE /* Networking */ = {isa = PBXFileReference; lastKnownFileType = wrapper; name = Networking; path = ../Networking; sourceTree = "<group>"; };
		384C180B2B9503A400E501BE /* Domain */ = {isa = PBXFileReference; lastKnownFileType = wrapper; name = Domain; path = ../Domain; sourceTree = "<group>"; };
/* End PBXFileReference section */

/* Begin PBXFrameworksBuildPhase section */
		384C17D12B94AA3000E501BE /* Frameworks */ = {
			isa = PBXFrameworksBuildPhase;
			buildActionMask = 2147483647;
			files = (
				384C180D2B95060800E501BE /* Domain in Frameworks */,
				384C180A2B94AD0800E501BE /* Networking in Frameworks */,
			);
			runOnlyForDeploymentPostprocessing = 0;
		};
		384C17E72B94AA3200E501BE /* Frameworks */ = {
			isa = PBXFrameworksBuildPhase;
			buildActionMask = 2147483647;
			files = (
			);
			runOnlyForDeploymentPostprocessing = 0;
		};
		384C17F12B94AA3200E501BE /* Frameworks */ = {
			isa = PBXFrameworksBuildPhase;
			buildActionMask = 2147483647;
			files = (
			);
			runOnlyForDeploymentPostprocessing = 0;
		};
/* End PBXFrameworksBuildPhase section */

/* Begin PBXGroup section */
		384C17CB2B94AA3000E501BE = {
			isa = PBXGroup;
			children = (
				384C180B2B9503A400E501BE /* Domain */,
				384C18072B94ACF200E501BE /* Networking */,
				384C17D62B94AA3000E501BE /* BitTest */,
				384C17ED2B94AA3200E501BE /* BitTestTests */,
				384C17F72B94AA3200E501BE /* BitTestUITests */,
				384C17D52B94AA3000E501BE /* Products */,
				384C18082B94AD0800E501BE /* Frameworks */,
			);
			sourceTree = "<group>";
		};
		384C17D52B94AA3000E501BE /* Products */ = {
			isa = PBXGroup;
			children = (
				384C17D42B94AA3000E501BE /* BitTest.app */,
				384C17EA2B94AA3200E501BE /* BitTestTests.xctest */,
				384C17F42B94AA3200E501BE /* BitTestUITests.xctest */,
			);
			name = Products;
			sourceTree = "<group>";
		};
		384C17D62B94AA3000E501BE /* BitTest */ = {
			isa = PBXGroup;
			children = (
				384C17D72B94AA3000E501BE /* AppDelegate.swift */,
				384C17D92B94AA3000E501BE /* SceneDelegate.swift */,
				384C17DB2B94AA3000E501BE /* ViewController.swift */,
				384C17DD2B94AA3000E501BE /* Main.storyboard */,
				384C17E02B94AA3200E501BE /* Assets.xcassets */,
				384C17E22B94AA3200E501BE /* LaunchScreen.storyboard */,
				384C17E52B94AA3200E501BE /* Info.plist */,
			);
			path = BitTest;
			sourceTree = "<group>";
		};
		384C17ED2B94AA3200E501BE /* BitTestTests */ = {
			isa = PBXGroup;
			children = (
				384C17EE2B94AA3200E501BE /* BitTestTests.swift */,
			);
			path = BitTestTests;
			sourceTree = "<group>";
		};
		384C17F72B94AA3200E501BE /* BitTestUITests */ = {
			isa = PBXGroup;
			children = (
				384C17F82B94AA3200E501BE /* BitTestUITests.swift */,
				384C17FA2B94AA3200E501BE /* BitTestUITestsLaunchTests.swift */,
			);
			path = BitTestUITests;
			sourceTree = "<group>";
		};
		384C18082B94AD0800E501BE /* Frameworks */ = {
			isa = PBXGroup;
			children = (
			);
			name = Frameworks;
			sourceTree = "<group>";
		};
/* End PBXGroup section */

/* Begin PBXNativeTarget section */
		384C17D32B94AA3000E501BE /* BitTest */ = {
			isa = PBXNativeTarget;
			buildConfigurationList = 384C17FE2B94AA3200E501BE /* Build configuration list for PBXNativeTarget "BitTest" */;
			buildPhases = (
				384C17D02B94AA3000E501BE /* Sources */,
				384C17D12B94AA3000E501BE /* Frameworks */,
				384C17D22B94AA3000E501BE /* Resources */,
			);
			buildRules = (
			);
			dependencies = (
			);
			name = BitTest;
			packageProductDependencies = (
				384C18092B94AD0800E501BE /* Networking */,
				384C180C2B95060800E501BE /* Domain */,
			);
			productName = BitTest;
			productReference = 384C17D42B94AA3000E501BE /* BitTest.app */;
			productType = "com.apple.product-type.application";
		};
		384C17E92B94AA3200E501BE /* BitTestTests */ = {
			isa = PBXNativeTarget;
			buildConfigurationList = 384C18012B94AA3200E501BE /* Build configuration list for PBXNativeTarget "BitTestTests" */;
			buildPhases = (
				384C17E62B94AA3200E501BE /* Sources */,
				384C17E72B94AA3200E501BE /* Frameworks */,
				384C17E82B94AA3200E501BE /* Resources */,
			);
			buildRules = (
			);
			dependencies = (
				384C17EC2B94AA3200E501BE /* PBXTargetDependency */,
			);
			name = BitTestTests;
			productName = BitTestTests;
			productReference = 384C17EA2B94AA3200E501BE /* BitTestTests.xctest */;
			productType = "com.apple.product-type.bundle.unit-test";
		};
		384C17F32B94AA3200E501BE /* BitTestUITests */ = {
			isa = PBXNativeTarget;
			buildConfigurationList = 384C18042B94AA3200E501BE /* Build configuration list for PBXNativeTarget "BitTestUITests" */;
			buildPhases = (
				384C17F02B94AA3200E501BE /* Sources */,
				384C17F12B94AA3200E501BE /* Frameworks */,
				384C17F22B94AA3200E501BE /* Resources */,
			);
			buildRules = (
			);
			dependencies = (
				384C17F62B94AA3200E501BE /* PBXTargetDependency */,
			);
			name = BitTestUITests;
			productName = BitTestUITests;
			productReference = 384C17F42B94AA3200E501BE /* BitTestUITests.xctest */;
			productType = "com.apple.product-type.bundle.ui-testing";
		};
/* End PBXNativeTarget section */

/* Begin PBXProject section */
		384C17CC2B94AA3000E501BE /* Project object */ = {
			isa = PBXProject;
			attributes = {
				BuildIndependentTargetsInParallel = 1;
				LastSwiftUpdateCheck = 1510;
				LastUpgradeCheck = 1510;
				TargetAttributes = {
					384C17D32B94AA3000E501BE = {
						CreatedOnToolsVersion = 15.1;
					};
					384C17E92B94AA3200E501BE = {
						CreatedOnToolsVersion = 15.1;
						TestTargetID = 384C17D32B94AA3000E501BE;
					};
					384C17F32B94AA3200E501BE = {
						CreatedOnToolsVersion = 15.1;
						TestTargetID = 384C17D32B94AA3000E501BE;
					};
				};
			};
			buildConfigurationList = 384C17CF2B94AA3000E501BE /* Build configuration list for PBXProject "BitTest" */;
			compatibilityVersion = "Xcode 14.0";
			developmentRegion = en;
			hasScannedForEncodings = 0;
			knownRegions = (
				en,
				Base,
			);
			mainGroup = 384C17CB2B94AA3000E501BE;
			productRefGroup = 384C17D52B94AA3000E501BE /* Products */;
			projectDirPath = "";
			projectRoot = "";
			targets = (
				384C17D32B94AA3000E501BE /* BitTest */,
				384C17E92B94AA3200E501BE /* BitTestTests */,
				384C17F32B94AA3200E501BE /* BitTestUITests */,
			);
		};
/* End PBXProject section */

/* Begin PBXResourcesBuildPhase section */
		384C17D22B94AA3000E501BE /* Resources */ = {
			isa = PBXResourcesBuildPhase;
			buildActionMask = 2147483647;
			files = (
				384C17E42B94AA3200E501BE /* LaunchScreen.storyboard in Resources */,
				384C17E12B94AA3200E501BE /* Assets.xcassets in Resources */,
				384C17DF2B94AA3000E501BE /* Main.storyboard in Resources */,
			);
			runOnlyForDeploymentPostprocessing = 0;
		};
		384C17E82B94AA3200E501BE /* Resources */ = {
			isa = PBXResourcesBuildPhase;
			buildActionMask = 2147483647;
			files = (
			);
			runOnlyForDeploymentPostprocessing = 0;
		};
		384C17F22B94AA3200E501BE /* Resources */ = {
			isa = PBXResourcesBuildPhase;
			buildActionMask = 2147483647;
			files = (
			);
			runOnlyForDeploymentPostprocessing = 0;
		};
/* End PBXResourcesBuildPhase section */

/* Begin PBXSourcesBuildPhase section */
		384C17D02B94AA3000E501BE /* Sources */ = {
			isa = PBXSourcesBuildPhase;
			buildActionMask = 2147483647;
			files = (
				384C17DC2B94AA3000E501BE /* ViewController.swift in Sources */,
				384C17D82B94AA3000E501BE /* AppDelegate.swift in Sources */,
				384C17DA2B94AA3000E501BE /* SceneDelegate.swift in Sources */,
			);
			runOnlyForDeploymentPostprocessing = 0;
		};
		384C17E62B94AA3200E501BE /* Sources */ = {
			isa = PBXSourcesBuildPhase;
			buildActionMask = 2147483647;
			files = (
				384C17EF2B94AA3200E501BE /* BitTestTests.swift in Sources */,
			);
			runOnlyForDeploymentPostprocessing = 0;
		};
		384C17F02B94AA3200E501BE /* Sources */ = {
			isa = PBXSourcesBuildPhase;
			buildActionMask = 2147483647;
			files = (
				384C17FB2B94AA3200E501BE /* BitTestUITestsLaunchTests.swift in Sources */,
				384C17F92B94AA3200E501BE /* BitTestUITests.swift in Sources */,
			);
			runOnlyForDeploymentPostprocessing = 0;
		};
/* End PBXSourcesBuildPhase section */

/* Begin PBXTargetDependency section */
		384C17EC2B94AA3200E501BE /* PBXTargetDependency */ = {
			isa = PBXTargetDependency;
			target = 384C17D32B94AA3000E501BE /* BitTest */;
			targetProxy = 384C17EB2B94AA3200E501BE /* PBXContainerItemProxy */;
		};
		384C17F62B94AA3200E501BE /* PBXTargetDependency */ = {
			isa = PBXTargetDependency;
			target = 384C17D32B94AA3000E501BE /* BitTest */;
			targetProxy = 384C17F52B94AA3200E501BE /* PBXContainerItemProxy */;
		};
/* End PBXTargetDependency section */

/* Begin PBXVariantGroup section */
		384C17DD2B94AA3000E501BE /* Main.storyboard */ = {
			isa = PBXVariantGroup;
			children = (
				384C17DE2B94AA3000E501BE /* Base */,
			);
			name = Main.storyboard;
			sourceTree = "<group>";
		};
		384C17E22B94AA3200E501BE /* LaunchScreen.storyboard */ = {
			isa = PBXVariantGroup;
			children = (
				384C17E32B94AA3200E501BE /* Base */,
			);
			name = LaunchScreen.storyboard;
			sourceTree = "<group>";
		};
/* End PBXVariantGroup section */

/* Begin XCBuildConfiguration section */
		384C17FC2B94AA3200E501BE /* Debug */ = {
			isa = XCBuildConfiguration;
			buildSettings = {
				ALWAYS_SEARCH_USER_PATHS = NO;
				ASSETCATALOG_COMPILER_GENERATE_SWIFT_ASSET_SYMBOL_EXTENSIONS = YES;
				CLANG_ANALYZER_NONNULL = YES;
				CLANG_ANALYZER_NUMBER_OBJECT_CONVERSION = YES_AGGRESSIVE;
				CLANG_CXX_LANGUAGE_STANDARD = "gnu++20";
				CLANG_ENABLE_MODULES = YES;
				CLANG_ENABLE_OBJC_ARC = YES;
				CLANG_ENABLE_OBJC_WEAK = YES;
				CLANG_WARN_BLOCK_CAPTURE_AUTORELEASING = YES;
				CLANG_WARN_BOOL_CONVERSION = YES;
				CLANG_WARN_COMMA = YES;
				CLANG_WARN_CONSTANT_CONVERSION = YES;
				CLANG_WARN_DEPRECATED_OBJC_IMPLEMENTATIONS = YES;
				CLANG_WARN_DIRECT_OBJC_ISA_USAGE = YES_ERROR;
				CLANG_WARN_DOCUMENTATION_COMMENTS = YES;
				CLANG_WARN_EMPTY_BODY = YES;
				CLANG_WARN_ENUM_CONVERSION = YES;
				CLANG_WARN_INFINITE_RECURSION = YES;
				CLANG_WARN_INT_CONVERSION = YES;
				CLANG_WARN_NON_LITERAL_NULL_CONVERSION = YES;
				CLANG_WARN_OBJC_IMPLICIT_RETAIN_SELF = YES;
				CLANG_WARN_OBJC_LITERAL_CONVERSION = YES;
				CLANG_WARN_OBJC_ROOT_CLASS = YES_ERROR;
				CLANG_WARN_QUOTED_INCLUDE_IN_FRAMEWORK_HEADER = YES;
				CLANG_WARN_RANGE_LOOP_ANALYSIS = YES;
				CLANG_WARN_STRICT_PROTOTYPES = YES;
				CLANG_WARN_SUSPICIOUS_MOVE = YES;
				CLANG_WARN_UNGUARDED_AVAILABILITY = YES_AGGRESSIVE;
				CLANG_WARN_UNREACHABLE_CODE = YES;
				CLANG_WARN__DUPLICATE_METHOD_MATCH = YES;
				COPY_PHASE_STRIP = NO;
				DEBUG_INFORMATION_FORMAT = dwarf;
				ENABLE_STRICT_OBJC_MSGSEND = YES;
				ENABLE_TESTABILITY = YES;
				ENABLE_USER_SCRIPT_SANDBOXING = YES;
				GCC_C_LANGUAGE_STANDARD = gnu17;
				GCC_DYNAMIC_NO_PIC = NO;
				GCC_NO_COMMON_BLOCKS = YES;
				GCC_OPTIMIZATION_LEVEL = 0;
				GCC_PREPROCESSOR_DEFINITIONS = (
					"DEBUG=1",
					"$(inherited)",
				);
				GCC_WARN_64_TO_32_BIT_CONVERSION = YES;
				GCC_WARN_ABOUT_RETURN_TYPE = YES_ERROR;
				GCC_WARN_UNDECLARED_SELECTOR = YES;
				GCC_WARN_UNINITIALIZED_AUTOS = YES_AGGRESSIVE;
				GCC_WARN_UNUSED_FUNCTION = YES;
				GCC_WARN_UNUSED_VARIABLE = YES;
				IPHONEOS_DEPLOYMENT_TARGET = 17.2;
				LOCALIZATION_PREFERS_STRING_CATALOGS = YES;
				MTL_ENABLE_DEBUG_INFO = INCLUDE_SOURCE;
				MTL_FAST_MATH = YES;
				ONLY_ACTIVE_ARCH = YES;
				SDKROOT = iphoneos;
				SWIFT_ACTIVE_COMPILATION_CONDITIONS = "DEBUG $(inherited)";
				SWIFT_OPTIMIZATION_LEVEL = "-Onone";
			};
			name = Debug;
		};
		384C17FD2B94AA3200E501BE /* Release */ = {
			isa = XCBuildConfiguration;
			buildSettings = {
				ALWAYS_SEARCH_USER_PATHS = NO;
				ASSETCATALOG_COMPILER_GENERATE_SWIFT_ASSET_SYMBOL_EXTENSIONS = YES;
				CLANG_ANALYZER_NONNULL = YES;
				CLANG_ANALYZER_NUMBER_OBJECT_CONVERSION = YES_AGGRESSIVE;
				CLANG_CXX_LANGUAGE_STANDARD = "gnu++20";
				CLANG_ENABLE_MODULES = YES;
				CLANG_ENABLE_OBJC_ARC = YES;
				CLANG_ENABLE_OBJC_WEAK = YES;
				CLANG_WARN_BLOCK_CAPTURE_AUTORELEASING = YES;
				CLANG_WARN_BOOL_CONVERSION = YES;
				CLANG_WARN_COMMA = YES;
				CLANG_WARN_CONSTANT_CONVERSION = YES;
				CLANG_WARN_DEPRECATED_OBJC_IMPLEMENTATIONS = YES;
				CLANG_WARN_DIRECT_OBJC_ISA_USAGE = YES_ERROR;
				CLANG_WARN_DOCUMENTATION_COMMENTS = YES;
				CLANG_WARN_EMPTY_BODY = YES;
				CLANG_WARN_ENUM_CONVERSION = YES;
				CLANG_WARN_INFINITE_RECURSION = YES;
				CLANG_WARN_INT_CONVERSION = YES;
				CLANG_WARN_NON_LITERAL_NULL_CONVERSION = YES;
				CLANG_WARN_OBJC_IMPLICIT_RETAIN_SELF = YES;
				CLANG_WARN_OBJC_LITERAL_CONVERSION = YES;
				CLANG_WARN_OBJC_ROOT_CLASS = YES_ERROR;
				CLANG_WARN_QUOTED_INCLUDE_IN_FRAMEWORK_HEADER = YES;
				CLANG_WARN_RANGE_LOOP_ANALYSIS = YES;
				CLANG_WARN_STRICT_PROTOTYPES = YES;
				CLANG_WARN_SUSPICIOUS_MOVE = YES;
				CLANG_WARN_UNGUARDED_AVAILABILITY = YES_AGGRESSIVE;
				CLANG_WARN_UNREACHABLE_CODE = YES;
				CLANG_WARN__DUPLICATE_METHOD_MATCH = YES;
				COPY_PHASE_STRIP = NO;
				DEBUG_INFORMATION_FORMAT = "dwarf-with-dsym";
				ENABLE_NS_ASSERTIONS = NO;
				ENABLE_STRICT_OBJC_MSGSEND = YES;
				ENABLE_USER_SCRIPT_SANDBOXING = YES;
				GCC_C_LANGUAGE_STANDARD = gnu17;
				GCC_NO_COMMON_BLOCKS = YES;
				GCC_WARN_64_TO_32_BIT_CONVERSION = YES;
				GCC_WARN_ABOUT_RETURN_TYPE = YES_ERROR;
				GCC_WARN_UNDECLARED_SELECTOR = YES;
				GCC_WARN_UNINITIALIZED_AUTOS = YES_AGGRESSIVE;
				GCC_WARN_UNUSED_FUNCTION = YES;
				GCC_WARN_UNUSED_VARIABLE = YES;
				IPHONEOS_DEPLOYMENT_TARGET = 17.2;
				LOCALIZATION_PREFERS_STRING_CATALOGS = YES;
				MTL_ENABLE_DEBUG_INFO = NO;
				MTL_FAST_MATH = YES;
				SDKROOT = iphoneos;
				SWIFT_COMPILATION_MODE = wholemodule;
				VALIDATE_PRODUCT = YES;
			};
			name = Release;
		};
		384C17FF2B94AA3200E501BE /* Debug */ = {
			isa = XCBuildConfiguration;
			buildSettings = {
				ASSETCATALOG_COMPILER_APPICON_NAME = AppIcon;
				ASSETCATALOG_COMPILER_GLOBAL_ACCENT_COLOR_NAME = AccentColor;
				CODE_SIGN_STYLE = Automatic;
				CURRENT_PROJECT_VERSION = 1;
				DEVELOPMENT_TEAM = PUDLV6JT27;
				GENERATE_INFOPLIST_FILE = YES;
				INFOPLIST_FILE = BitTest/Info.plist;
				INFOPLIST_KEY_UIApplicationSupportsIndirectInputEvents = YES;
				INFOPLIST_KEY_UILaunchStoryboardName = LaunchScreen;
				INFOPLIST_KEY_UIMainStoryboardFile = Main;
				INFOPLIST_KEY_UISupportedInterfaceOrientations_iPad = "UIInterfaceOrientationPortrait UIInterfaceOrientationPortraitUpsideDown UIInterfaceOrientationLandscapeLeft UIInterfaceOrientationLandscapeRight";
				INFOPLIST_KEY_UISupportedInterfaceOrientations_iPhone = "UIInterfaceOrientationPortrait UIInterfaceOrientationLandscapeLeft UIInterfaceOrientationLandscapeRight";
				LD_RUNPATH_SEARCH_PATHS = (
					"$(inherited)",
					"@executable_path/Frameworks",
				);
				MARKETING_VERSION = 1.0;
				PRODUCT_BUNDLE_IDENTIFIER = arsulabs.BitTest;
				PRODUCT_NAME = "$(TARGET_NAME)";
				SWIFT_EMIT_LOC_STRINGS = YES;
				SWIFT_VERSION = 5.0;
				TARGETED_DEVICE_FAMILY = "1,2";
			};
			name = Debug;
		};
		384C18002B94AA3200E501BE /* Release */ = {
			isa = XCBuildConfiguration;
			buildSettings = {
				ASSETCATALOG_COMPILER_APPICON_NAME = AppIcon;
				ASSETCATALOG_COMPILER_GLOBAL_ACCENT_COLOR_NAME = AccentColor;
				CODE_SIGN_STYLE = Automatic;
				CURRENT_PROJECT_VERSION = 1;
				DEVELOPMENT_TEAM = PUDLV6JT27;
				GENERATE_INFOPLIST_FILE = YES;
				INFOPLIST_FILE = BitTest/Info.plist;
				INFOPLIST_KEY_UIApplicationSupportsIndirectInputEvents = YES;
				INFOPLIST_KEY_UILaunchStoryboardName = LaunchScreen;
				INFOPLIST_KEY_UIMainStoryboardFile = Main;
				INFOPLIST_KEY_UISupportedInterfaceOrientations_iPad = "UIInterfaceOrientationPortrait UIInterfaceOrientationPortraitUpsideDown UIInterfaceOrientationLandscapeLeft UIInterfaceOrientationLandscapeRight";
				INFOPLIST_KEY_UISupportedInterfaceOrientations_iPhone = "UIInterfaceOrientationPortrait UIInterfaceOrientationLandscapeLeft UIInterfaceOrientationLandscapeRight";
				LD_RUNPATH_SEARCH_PATHS = (
					"$(inherited)",
					"@executable_path/Frameworks",
				);
				MARKETING_VERSION = 1.0;
				PRODUCT_BUNDLE_IDENTIFIER = arsulabs.BitTest;
				PRODUCT_NAME = "$(TARGET_NAME)";
				SWIFT_EMIT_LOC_STRINGS = YES;
				SWIFT_VERSION = 5.0;
				TARGETED_DEVICE_FAMILY = "1,2";
			};
			name = Release;
		};
		384C18022B94AA3200E501BE /* Debug */ = {
			isa = XCBuildConfiguration;
			buildSettings = {
				ALWAYS_EMBED_SWIFT_STANDARD_LIBRARIES = YES;
				BUNDLE_LOADER = "$(TEST_HOST)";
				CODE_SIGN_STYLE = Automatic;
				CURRENT_PROJECT_VERSION = 1;
				DEVELOPMENT_TEAM = PUDLV6JT27;
				GENERATE_INFOPLIST_FILE = YES;
				IPHONEOS_DEPLOYMENT_TARGET = 17.2;
				MARKETING_VERSION = 1.0;
				PRODUCT_BUNDLE_IDENTIFIER = arsulabs.BitTestTests;
				PRODUCT_NAME = "$(TARGET_NAME)";
				SWIFT_EMIT_LOC_STRINGS = NO;
				SWIFT_VERSION = 5.0;
				TARGETED_DEVICE_FAMILY = "1,2";
				TEST_HOST = "$(BUILT_PRODUCTS_DIR)/BitTest.app/$(BUNDLE_EXECUTABLE_FOLDER_PATH)/BitTest";
			};
			name = Debug;
		};
		384C18032B94AA3200E501BE /* Release */ = {
			isa = XCBuildConfiguration;
			buildSettings = {
				ALWAYS_EMBED_SWIFT_STANDARD_LIBRARIES = YES;
				BUNDLE_LOADER = "$(TEST_HOST)";
				CODE_SIGN_STYLE = Automatic;
				CURRENT_PROJECT_VERSION = 1;
				DEVELOPMENT_TEAM = PUDLV6JT27;
				GENERATE_INFOPLIST_FILE = YES;
				IPHONEOS_DEPLOYMENT_TARGET = 17.2;
				MARKETING_VERSION = 1.0;
				PRODUCT_BUNDLE_IDENTIFIER = arsulabs.BitTestTests;
				PRODUCT_NAME = "$(TARGET_NAME)";
				SWIFT_EMIT_LOC_STRINGS = NO;
				SWIFT_VERSION = 5.0;
				TARGETED_DEVICE_FAMILY = "1,2";
				TEST_HOST = "$(BUILT_PRODUCTS_DIR)/BitTest.app/$(BUNDLE_EXECUTABLE_FOLDER_PATH)/BitTest";
			};
			name = Release;
		};
		384C18052B94AA3200E501BE /* Debug */ = {
			isa = XCBuildConfiguration;
			buildSettings = {
				ALWAYS_EMBED_SWIFT_STANDARD_LIBRARIES = YES;
				CODE_SIGN_STYLE = Automatic;
				CURRENT_PROJECT_VERSION = 1;
				DEVELOPMENT_TEAM = PUDLV6JT27;
				GENERATE_INFOPLIST_FILE = YES;
				MARKETING_VERSION = 1.0;
				PRODUCT_BUNDLE_IDENTIFIER = arsulabs.BitTestUITests;
				PRODUCT_NAME = "$(TARGET_NAME)";
				SWIFT_EMIT_LOC_STRINGS = NO;
				SWIFT_VERSION = 5.0;
				TARGETED_DEVICE_FAMILY = "1,2";
				TEST_TARGET_NAME = BitTest;
			};
			name = Debug;
		};
		384C18062B94AA3200E501BE /* Release */ = {
			isa = XCBuildConfiguration;
			buildSettings = {
				ALWAYS_EMBED_SWIFT_STANDARD_LIBRARIES = YES;
				CODE_SIGN_STYLE = Automatic;
				CURRENT_PROJECT_VERSION = 1;
				DEVELOPMENT_TEAM = PUDLV6JT27;
				GENERATE_INFOPLIST_FILE = YES;
				MARKETING_VERSION = 1.0;
				PRODUCT_BUNDLE_IDENTIFIER = arsulabs.BitTestUITests;
				PRODUCT_NAME = "$(TARGET_NAME)";
				SWIFT_EMIT_LOC_STRINGS = NO;
				SWIFT_VERSION = 5.0;
				TARGETED_DEVICE_FAMILY = "1,2";
				TEST_TARGET_NAME = BitTest;
			};
			name = Release;
		};
/* End XCBuildConfiguration section */

/* Begin XCConfigurationList section */
		384C17CF2B94AA3000E501BE /* Build configuration list for PBXProject "BitTest" */ = {
			isa = XCConfigurationList;
			buildConfigurations = (
				384C17FC2B94AA3200E501BE /* Debug */,
				384C17FD2B94AA3200E501BE /* Release */,
			);
			defaultConfigurationIsVisible = 0;
			defaultConfigurationName = Release;
		};
		384C17FE2B94AA3200E501BE /* Build configuration list for PBXNativeTarget "BitTest" */ = {
			isa = XCConfigurationList;
			buildConfigurations = (
				384C17FF2B94AA3200E501BE /* Debug */,
				384C18002B94AA3200E501BE /* Release */,
			);
			defaultConfigurationIsVisible = 0;
			defaultConfigurationName = Release;
		};
		384C18012B94AA3200E501BE /* Build configuration list for PBXNativeTarget "BitTestTests" */ = {
			isa = XCConfigurationList;
			buildConfigurations = (
				384C18022B94AA3200E501BE /* Debug */,
				384C18032B94AA3200E501BE /* Release */,
			);
			defaultConfigurationIsVisible = 0;
			defaultConfigurationName = Release;
		};
		384C18042B94AA3200E501BE /* Build configuration list for PBXNativeTarget "BitTestUITests" */ = {
			isa = XCConfigurationList;
			buildConfigurations = (
				384C18052B94AA3200E501BE /* Debug */,
				384C18062B94AA3200E501BE /* Release */,
			);
			defaultConfigurationIsVisible = 0;
			defaultConfigurationName = Release;
		};
/* End XCConfigurationList section */

/* Begin XCSwiftPackageProductDependency section */
		384C18092B94AD0800E501BE /* Networking */ = {
			isa = XCSwiftPackageProductDependency;
			productName = Networking;
		};
		384C180C2B95060800E501BE /* Domain */ = {
			isa = XCSwiftPackageProductDependency;
			productName = Domain;
		};
/* End XCSwiftPackageProductDependency section */
	};
	rootObject = 384C17CC2B94AA3000E501BE /* Project object */;
}
